
Microsoft Visual Studio Solution File, Format Version 12.00
# Visual Studio Version 17
VisualStudioVersion = 17.3.32929.385
MinimumVisualStudioVersion = 10.0.40219.1
Project("{FAE04EC0-301F-11D3-BF4B-00C04F79EFBC}") = "SARITASA.API", "SARITASA.API\SARITASA.API.csproj", "{B985922B-7FCD-4B28-BA2D-3B8BCE911E71}"
EndProject
Project("{FAE04EC0-301F-11D3-BF4B-00C04F79EFBC}") = "SARITASA.Entity", "SARITASA.Entity\SARITASA.Entity.csproj", "{14817817-923F-4000-BCAD-0381CF0193B9}"
EndProject
Project("{FAE04EC0-301F-11D3-BF4B-00C04F79EFBC}") = "SARITASA.DataAccess", "SARITASA.DataAccess\SARITASA.DataAccess.csproj", "{CF37B4A4-D56D-477A-9599-69BE3CDAC6E3}"
EndProject
Global
	GlobalSection(SolutionConfigurationPlatforms) = preSolution
		Debug|Any CPU = Debug|Any CPU
		Release|Any CPU = Release|Any CPU
	EndGlobalSection
	GlobalSection(ProjectConfigurationPlatforms) = postSolution
		{B985922B-7FCD-4B28-BA2D-3B8BCE911E71}.Debug|Any CPU.ActiveCfg = Debug|Any CPU
		{B985922B-7FCD-4B28-BA2D-3B8BCE911E71}.Debug|Any CPU.Build.0 = Debug|Any CPU
		{B985922B-7FCD-4B28-BA2D-3B8BCE911E71}.Release|Any CPU.ActiveCfg = Release|Any CPU
		{B985922B-7FCD-4B28-BA2D-3B8BCE911E71}.Release|Any CPU.Build.0 = Release|Any CPU
		{14817817-923F-4000-BCAD-0381CF0193B9}.Debug|Any CPU.ActiveCfg = Debug|Any CPU
		{14817817-923F-4000-BCAD-0381CF0193B9}.Debug|Any CPU.Build.0 = Debug|Any CPU
		{14817817-923F-4000-BCAD-0381CF0193B9}.Release|Any CPU.ActiveCfg = Release|Any CPU
		{14817817-923F-4000-BCAD-0381CF0193B9}.Release|Any CPU.Build.0 = Release|Any CPU
		{CF37B4A4-D56D-477A-9599-69BE3CDAC6E3}.Debug|Any CPU.ActiveCfg = Debug|Any CPU
		{CF37B4A4-D56D-477A-9599-69BE3CDAC6E3}.Debug|Any CPU.Build.0 = Debug|Any CPU
		{CF37B4A4-D56D-477A-9599-69BE3CDAC6E3}.Release|Any CPU.ActiveCfg = Release|Any CPU
		{CF37B4A4-D56D-477A-9599-69BE3CDAC6E3}.Release|Any CPU.Build.0 = Release|Any CPU
	EndGlobalSection
	GlobalSection(SolutionProperties) = preSolution
		HideSolutionNode = FALSE
	EndGlobalSection
	GlobalSection(ExtensibilityGlobals) = postSolution
		SolutionGuid = {E2C0C65E-9B8A-41EB-9032-0DBBBFE8C460}
	EndGlobalSection
EndGlobal
